
Microsoft Visual Studio Solution File, Format Version 12.00
Project("{2150E333-8FDC-42A3-9474-1A3956D46DE8}") = "Server", "Server", "{6E3D885F-88B3-4902-8A12-8748CF2DC7E4}"
EndProject
Project("{FAE04EC0-301F-11D3-BF4B-00C04F79EFBC}") = "Entities", "Server\Entities\Entities.csproj", "{6B01941C-8748-4514-BF17-AFB33AEBDD97}"
EndProject
Project("{FAE04EC0-301F-11D3-BF4B-00C04F79EFBC}") = "RepositoryContracts", "Server\RepositoryContracts\RepositoryContracts.csproj", "{73D37E79-20E3-45B5-B54B-D3133FD5D947}"
EndProject
Project("{FAE04EC0-301F-11D3-BF4B-00C04F79EFBC}") = "InMemoryRepositories", "Server\InMemoryRepositories\InMemoryRepositories.csproj", "{D86B138F-E9FD-4D2E-8BED-2D2779B38CBF}"
EndProject
Project("{FAE04EC0-301F-11D3-BF4B-00C04F79EFBC}") = "CLI", "Server\CLI\CLI.csproj", "{9AFF226D-6574-4A57-AA6A-633C2293DDBC}"
EndProject
Project("{FAE04EC0-301F-11D3-BF4B-00C04F79EFBC}") = "FileRepositories", "Server\FileRepositories\FileRepositories.csproj", "{1C5CA2FD-574B-4066-A085-605D104ECEAB}"
EndProject
Global
	GlobalSection(SolutionConfigurationPlatforms) = preSolution
		Debug|Any CPU = Debug|Any CPU
		Release|Any CPU = Release|Any CPU
	EndGlobalSection
	GlobalSection(NestedProjects) = preSolution
		{6B01941C-8748-4514-BF17-AFB33AEBDD97} = {6E3D885F-88B3-4902-8A12-8748CF2DC7E4}
		{73D37E79-20E3-45B5-B54B-D3133FD5D947} = {6E3D885F-88B3-4902-8A12-8748CF2DC7E4}
		{D86B138F-E9FD-4D2E-8BED-2D2779B38CBF} = {6E3D885F-88B3-4902-8A12-8748CF2DC7E4}
		{9AFF226D-6574-4A57-AA6A-633C2293DDBC} = {6E3D885F-88B3-4902-8A12-8748CF2DC7E4}
		{1C5CA2FD-574B-4066-A085-605D104ECEAB} = {6E3D885F-88B3-4902-8A12-8748CF2DC7E4}
	EndGlobalSection
	GlobalSection(ProjectConfigurationPlatforms) = postSolution
		{6B01941C-8748-4514-BF17-AFB33AEBDD97}.Debug|Any CPU.ActiveCfg = Debug|Any CPU
		{6B01941C-8748-4514-BF17-AFB33AEBDD97}.Debug|Any CPU.Build.0 = Debug|Any CPU
		{6B01941C-8748-4514-BF17-AFB33AEBDD97}.Release|Any CPU.ActiveCfg = Release|Any CPU
		{6B01941C-8748-4514-BF17-AFB33AEBDD97}.Release|Any CPU.Build.0 = Release|Any CPU
		{73D37E79-20E3-45B5-B54B-D3133FD5D947}.Debug|Any CPU.ActiveCfg = Debug|Any CPU
		{73D37E79-20E3-45B5-B54B-D3133FD5D947}.Debug|Any CPU.Build.0 = Debug|Any CPU
		{73D37E79-20E3-45B5-B54B-D3133FD5D947}.Release|Any CPU.ActiveCfg = Release|Any CPU
		{73D37E79-20E3-45B5-B54B-D3133FD5D947}.Release|Any CPU.Build.0 = Release|Any CPU
		{D86B138F-E9FD-4D2E-8BED-2D2779B38CBF}.Debug|Any CPU.ActiveCfg = Debug|Any CPU
		{D86B138F-E9FD-4D2E-8BED-2D2779B38CBF}.Debug|Any CPU.Build.0 = Debug|Any CPU
		{D86B138F-E9FD-4D2E-8BED-2D2779B38CBF}.Release|Any CPU.ActiveCfg = Release|Any CPU
		{D86B138F-E9FD-4D2E-8BED-2D2779B38CBF}.Release|Any CPU.Build.0 = Release|Any CPU
		{9AFF226D-6574-4A57-AA6A-633C2293DDBC}.Debug|Any CPU.ActiveCfg = Debug|Any CPU
		{9AFF226D-6574-4A57-AA6A-633C2293DDBC}.Debug|Any CPU.Build.0 = Debug|Any CPU
		{9AFF226D-6574-4A57-AA6A-633C2293DDBC}.Release|Any CPU.ActiveCfg = Release|Any CPU
		{9AFF226D-6574-4A57-AA6A-633C2293DDBC}.Release|Any CPU.Build.0 = Release|Any CPU
		{1C5CA2FD-574B-4066-A085-605D104ECEAB}.Debug|Any CPU.ActiveCfg = Debug|Any CPU
		{1C5CA2FD-574B-4066-A085-605D104ECEAB}.Debug|Any CPU.Build.0 = Debug|Any CPU
		{1C5CA2FD-574B-4066-A085-605D104ECEAB}.Release|Any CPU.ActiveCfg = Release|Any CPU
		{1C5CA2FD-574B-4066-A085-605D104ECEAB}.Release|Any CPU.Build.0 = Release|Any CPU
	EndGlobalSection
EndGlobal
